<?xml version="1.0" encoding="utf-8"?>
<Project ToolsVersion="4.0" xmlns="http://schemas.microsoft.com/developer/msbuild/2003">
  <ItemGroup>
    <Filter Include="Source Files">
      <UniqueIdentifier>{4FC737F1-C7A5-4376-A066-2A32D752A2FF}</UniqueIdentifier>
      <Extensions>cpp;c;cc;cxx;c++;cppm;ixx;def;odl;idl;hpj;bat;asm;asmx</Extensions>
    </Filter>
    <Filter Include="Header Files">
      <UniqueIdentifier>{93995380-89BD-4b04-88EB-625FBE52EBFB}</UniqueIdentifier>
      <Extensions>h;hh;hpp;hxx;h++;hm;inl;inc;ipp;xsd</Extensions>
    </Filter>
    <Filter Include="Resource Files">
      <UniqueIdentifier>{67DA6AB6-F800-4c08-8B7A-83BB121AAD01}</UniqueIdentifier>
      <Extensions>rc;ico;cur;bmp;dlg;rc2;rct;bin;rgs;gif;jpg;jpeg;jpe;resx;tiff;tif;png;wav;mfcribbon-ms</Extensions>
    </Filter>
    <Filter Include="Header Files\Exceptions">
      <UniqueIdentifier>{a7e36d73-760f-40e0-8878-2022349cc5c3}</UniqueIdentifier>
    </Filter>
    <Filter Include="Header Files\Tokens">
      <UniqueIdentifier>{c3c8e67d-6336-44a1-9195-e23843cd2e7d}</UniqueIdentifier>
    </Filter>
  </ItemGroup>
  <ItemGroup>
    <ClInclude Include="Kernel.h">
      <Filter>Header Files</Filter>
    </ClInclude>
    <ClInclude Include="Token.h">
      <Filter>Header Files\Tokens</Filter>
    </ClInclude>
    <ClInclude Include="OperatorToken.h">
      <Filter>Header Files\Tokens</Filter>
    </ClInclude>
    <ClInclude Include="NameToken.h">
      <Filter>Header Files\Tokens</Filter>
    </ClInclude>
    <ClInclude Include="Memory.h">
      <Filter>Header Files</Filter>
    </ClInclude>
    <ClInclude Include="LeftBracketToken.h">
      <Filter>Header Files\Tokens</Filter>
    </ClInclude>
    <ClInclude Include="RightBracketToken.h">
      <Filter>Header Files\Tokens</Filter>
    </ClInclude>
    <ClInclude Include="BinaryOperatorToken.h">
      <Filter>Header Files\Tokens</Filter>
    </ClInclude>
    <ClInclude Include="NotValidTokenEception.h">
      <Filter>Header Files\Exceptions</Filter>
    </ClInclude>
    <ClInclude Include="LineParser.h">
      <Filter>Header Files</Filter>
    </ClInclude>
    <ClInclude Include="DataToken.h">
      <Filter>Header Files\Tokens</Filter>
    </ClInclude>
    <ClInclude Include="IntegerNumberToken.h">
      <Filter>Header Files\Tokens</Filter>
    </ClInclude>
    <ClInclude Include="FloatNumberToken.h">
      <Filter>Header Files\Tokens</Filter>
    </ClInclude>
    <ClInclude Include="StringToken.h">
      <Filter>Header Files\Tokens</Filter>
    </ClInclude>
    <ClInclude Include="SeparateToken.h">
      <Filter>Header Files\Tokens</Filter>
    </ClInclude>
    <ClInclude Include="UnaryOperatorToken.h">
      <Filter>Header Files\Tokens</Filter>
    </ClInclude>
    <ClInclude Include="TokensHeaders.h">
      <Filter>Header Files</Filter>
    </ClInclude>
    <ClInclude Include="MessageException.h">
      <Filter>Header Files\Exceptions</Filter>
    </ClInclude>
    <ClInclude Include="IdentifierToken.h">
      <Filter>Header Files\Tokens</Filter>
    </ClInclude>
    <ClInclude Include="Expression.h">
      <Filter>Header Files</Filter>
    </ClInclude>
    <ClInclude Include="Command.h">
      <Filter>Header Files</Filter>
    </ClInclude>
    <ClInclude Include="NameBinaryOperatorToken.h">
      <Filter>Header Files\Tokens</Filter>
    </ClInclude>
    <ClInclude Include="SymbolBinaryOperatorToken.h">
      <Filter>Header Files\Tokens</Filter>
    </ClInclude>
    <ClInclude Include="ParameterNameToken.h">
      <Filter>Header Files\Tokens</Filter>
    </ClInclude>
    <ClInclude Include="FunctionToken.h">
      <Filter>Header Files\Tokens</Filter>
    </ClInclude>
    <ClInclude Include="Function.h">
      <Filter>Header Files</Filter>
    </ClInclude>
    <ClInclude Include="ExpressionToken.h">
      <Filter>Header Files\Tokens</Filter>
    </ClInclude>
    <ClInclude Include="VariableNameToken.h">
      <Filter>Header Files\Tokens</Filter>
    </ClInclude>
  </ItemGroup>
  <ItemGroup>
    <ClCompile Include="Main.cpp">
      <Filter>Source Files</Filter>
    </ClCompile>
    <ClCompile Include="Kernel.cpp">
      <Filter>Source Files</Filter>
    </ClCompile>
    <ClCompile Include="LineParser.cpp">
      <Filter>Source Files</Filter>
    </ClCompile>
    <ClCompile Include="IntegerNumberToken.cpp">
      <Filter>Source Files</Filter>
    </ClCompile>
    <ClCompile Include="FloatNumberToken.cpp">
      <Filter>Source Files</Filter>
    </ClCompile>
    <ClCompile Include="StringToken.cpp">
      <Filter>Source Files</Filter>
    </ClCompile>
    <ClCompile Include="Expression.cpp">
      <Filter>Source Files</Filter>
    </ClCompile>
    <ClCompile Include="Command.cpp">
      <Filter>Source Files</Filter>
    </ClCompile>
    <ClCompile Include="Memory.cpp">
      <Filter>Source Files</Filter>
    </ClCompile>
    <ClCompile Include="Function.cpp">
      <Filter>Source Files</Filter>
    </ClCompile>
    <ClCompile Include="Token.cpp">
      <Filter>Source Files</Filter>
    </ClCompile>
    <ClCompile Include="ExpressionToken.cpp">
      <Filter>Source Files</Filter>
    </ClCompile>
  </ItemGroup>
</Project>